// !$*UTF8*$!
{
	archiveVersion = 1;
	classes = {
	};
	objectVersion = 50;
	objects = {

/* Begin PBXBuildFile section */
		A71FB8FF209DCF0D001294E0 /* AppDelegate.swift in Sources */ = {isa = PBXBuildFile; fileRef = A71FB8FE209DCF0D001294E0 /* AppDelegate.swift */; };
		A71FB901209DCF0D001294E0 /* ViewController.swift in Sources */ = {isa = PBXBuildFile; fileRef = A71FB900209DCF0D001294E0 /* ViewController.swift */; };
		A71FB904209DCF0D001294E0 /* Main.storyboard in Resources */ = {isa = PBXBuildFile; fileRef = A71FB902209DCF0D001294E0 /* Main.storyboard */; };
		A71FB906209DCF12001294E0 /* Assets.xcassets in Resources */ = {isa = PBXBuildFile; fileRef = A71FB905209DCF12001294E0 /* Assets.xcassets */; };
		A71FB909209DCF12001294E0 /* LaunchScreen.storyboard in Resources */ = {isa = PBXBuildFile; fileRef = A71FB907209DCF12001294E0 /* LaunchScreen.storyboard */; };
		A71FB914209DCF12001294E0 /* MiviTestAppTests.swift in Sources */ = {isa = PBXBuildFile; fileRef = A71FB913209DCF12001294E0 /* MiviTestAppTests.swift */; };
		A71FB921209DCF74001294E0 /* LoginViewController.swift in Sources */ = {isa = PBXBuildFile; fileRef = A71FB920209DCF74001294E0 /* LoginViewController.swift */; };
		A71FB923209DD08B001294E0 /* collection.json in Resources */ = {isa = PBXBuildFile; fileRef = A71FB922209DD08B001294E0 /* collection.json */; };
		A71FB927209DF53D001294E0 /* Attribute.swift in Sources */ = {isa = PBXBuildFile; fileRef = A71FB926209DF53D001294E0 /* Attribute.swift */; };
		A7F5656D209E22A000455CC0 /* UserDetailViewController.swift in Sources */ = {isa = PBXBuildFile; fileRef = A7F5656C209E22A000455CC0 /* UserDetailViewController.swift */; };
		A7F5656F209E352B00455CC0 /* SplashViewController.swift in Sources */ = {isa = PBXBuildFile; fileRef = A7F5656E209E352B00455CC0 /* SplashViewController.swift */; };
/* End PBXBuildFile section */

/* Begin PBXContainerItemProxy section */
		A71FB910209DCF12001294E0 /* PBXContainerItemProxy */ = {
			isa = PBXContainerItemProxy;
			containerPortal = A71FB8F3209DCF0D001294E0 /* Project object */;
			proxyType = 1;
			remoteGlobalIDString = A71FB8FA209DCF0D001294E0;
			remoteInfo = MiviTestApp;
		};
/* End PBXContainerItemProxy section */

/* Begin PBXFileReference section */
		A71FB8FB209DCF0D001294E0 /* MiviTestApp.app */ = {isa = PBXFileReference; explicitFileType = wrapper.application; includeInIndex = 0; path = MiviTestApp.app; sourceTree = BUILT_PRODUCTS_DIR; };
		A71FB8FE209DCF0D001294E0 /* AppDelegate.swift */ = {isa = PBXFileReference; lastKnownFileType = sourcecode.swift; path = AppDelegate.swift; sourceTree = "<group>"; };
		A71FB900209DCF0D001294E0 /* ViewController.swift */ = {isa = PBXFileReference; lastKnownFileType = sourcecode.swift; path = ViewController.swift; sourceTree = "<group>"; };
		A71FB903209DCF0D001294E0 /* Base */ = {isa = PBXFileReference; lastKnownFileType = file.storyboard; name = Base; path = Base.lproj/Main.storyboard; sourceTree = "<group>"; };
		A71FB905209DCF12001294E0 /* Assets.xcassets */ = {isa = PBXFileReference; lastKnownFileType = folder.assetcatalog; path = Assets.xcassets; sourceTree = "<group>"; };
		A71FB908209DCF12001294E0 /* Base */ = {isa = PBXFileReference; lastKnownFileType = file.storyboard; name = Base; path = Base.lproj/LaunchScreen.storyboard; sourceTree = "<group>"; };
		A71FB90A209DCF12001294E0 /* Info.plist */ = {isa = PBXFileReference; lastKnownFileType = text.plist.xml; path = Info.plist; sourceTree = "<group>"; };
		A71FB90F209DCF12001294E0 /* MiviTestAppTests.xctest */ = {isa = PBXFileReference; explicitFileType = wrapper.cfbundle; includeInIndex = 0; path = MiviTestAppTests.xctest; sourceTree = BUILT_PRODUCTS_DIR; };
		A71FB913209DCF12001294E0 /* MiviTestAppTests.swift */ = {isa = PBXFileReference; lastKnownFileType = sourcecode.swift; path = MiviTestAppTests.swift; sourceTree = "<group>"; };
		A71FB915209DCF12001294E0 /* Info.plist */ = {isa = PBXFileReference; lastKnownFileType = text.plist.xml; path = Info.plist; sourceTree = "<group>"; };
		A71FB920209DCF74001294E0 /* LoginViewController.swift */ = {isa = PBXFileReference; lastKnownFileType = sourcecode.swift; path = LoginViewController.swift; sourceTree = "<group>"; };
		A71FB922209DD08B001294E0 /* collection.json */ = {isa = PBXFileReference; fileEncoding = 4; lastKnownFileType = text.json; path = collection.json; sourceTree = "<group>"; };
		A71FB926209DF53D001294E0 /* Attribute.swift */ = {isa = PBXFileReference; lastKnownFileType = sourcecode.swift; path = Attribute.swift; sourceTree = "<group>"; };
		A7F5656C209E22A000455CC0 /* UserDetailViewController.swift */ = {isa = PBXFileReference; lastKnownFileType = sourcecode.swift; path = UserDetailViewController.swift; sourceTree = "<group>"; };
		A7F5656E209E352B00455CC0 /* SplashViewController.swift */ = {isa = PBXFileReference; lastKnownFileType = sourcecode.swift; path = SplashViewController.swift; sourceTree = "<group>"; };
/* End PBXFileReference section */

/* Begin PBXFrameworksBuildPhase section */
		A71FB8F8209DCF0D001294E0 /* Frameworks */ = {
			isa = PBXFrameworksBuildPhase;
			buildActionMask = 2147483647;
			files = (
			);
			runOnlyForDeploymentPostprocessing = 0;
		};
		A71FB90C209DCF12001294E0 /* Frameworks */ = {
			isa = PBXFrameworksBuildPhase;
			buildActionMask = 2147483647;
			files = (
			);
			runOnlyForDeploymentPostprocessing = 0;
		};
/* End PBXFrameworksBuildPhase section */

/* Begin PBXGroup section */
		A71FB8F2209DCF0D001294E0 = {
			isa = PBXGroup;
			children = (
				A71FB8FD209DCF0D001294E0 /* MiviTestApp */,
				A71FB912209DCF12001294E0 /* MiviTestAppTests */,
				A71FB8FC209DCF0D001294E0 /* Products */,
			);
			sourceTree = "<group>";
		};
		A71FB8FC209DCF0D001294E0 /* Products */ = {
			isa = PBXGroup;
			children = (
				A71FB8FB209DCF0D001294E0 /* MiviTestApp.app */,
				A71FB90F209DCF12001294E0 /* MiviTestAppTests.xctest */,
			);
			name = Products;
			sourceTree = "<group>";
		};
		A71FB8FD209DCF0D001294E0 /* MiviTestApp */ = {
			isa = PBXGroup;
			children = (
				A71FB8FE209DCF0D001294E0 /* AppDelegate.swift */,
				A71FB900209DCF0D001294E0 /* ViewController.swift */,
				A71FB902209DCF0D001294E0 /* Main.storyboard */,
				A71FB920209DCF74001294E0 /* LoginViewController.swift */,
				A7F5656C209E22A000455CC0 /* UserDetailViewController.swift */,
				A7F5656E209E352B00455CC0 /* SplashViewController.swift */,
				A71FB926209DF53D001294E0 /* Attribute.swift */,
				A71FB922209DD08B001294E0 /* collection.json */,
				A71FB905209DCF12001294E0 /* Assets.xcassets */,
				A71FB907209DCF12001294E0 /* LaunchScreen.storyboard */,
				A71FB90A209DCF12001294E0 /* Info.plist */,
			);
			path = MiviTestApp;
			sourceTree = "<group>";
		};
		A71FB912209DCF12001294E0 /* MiviTestAppTests */ = {
			isa = PBXGroup;
			children = (
				A71FB913209DCF12001294E0 /* MiviTestAppTests.swift */,
				A71FB915209DCF12001294E0 /* Info.plist */,
			);
			path = MiviTestAppTests;
			sourceTree = "<group>";
		};
/* End PBXGroup section */

/* Begin PBXNativeTarget section */
		A71FB8FA209DCF0D001294E0 /* MiviTestApp */ = {
			isa = PBXNativeTarget;
			buildConfigurationList = A71FB918209DCF12001294E0 /* Build configuration list for PBXNativeTarget "MiviTestApp" */;
			buildPhases = (
				A71FB8F7209DCF0D001294E0 /* Sources */,
				A71FB8F8209DCF0D001294E0 /* Frameworks */,
				A71FB8F9209DCF0D001294E0 /* Resources */,
			);
			buildRules = (
			);
			dependencies = (
			);
			name = MiviTestApp;
			productName = MiviTestApp;
			productReference = A71FB8FB209DCF0D001294E0 /* MiviTestApp.app */;
			productType = "com.apple.product-type.application";
		};
		A71FB90E209DCF12001294E0 /* MiviTestAppTests */ = {
			isa = PBXNativeTarget;
			buildConfigurationList = A71FB91B209DCF12001294E0 /* Build configuration list for PBXNativeTarget "MiviTestAppTests" */;
			buildPhases = (
				A71FB90B209DCF12001294E0 /* Sources */,
				A71FB90C209DCF12001294E0 /* Frameworks */,
				A71FB90D209DCF12001294E0 /* Resources */,
			);
			buildRules = (
			);
			dependencies = (
				A71FB911209DCF12001294E0 /* PBXTargetDependency */,
			);
			name = MiviTestAppTests;
			productName = MiviTestAppTests;
			productReference = A71FB90F209DCF12001294E0 /* MiviTestAppTests.xctest */;
			productType = "com.apple.product-type.bundle.unit-test";
		};
/* End PBXNativeTarget section */

/* Begin PBXProject section */
		A71FB8F3209DCF0D001294E0 /* Project object */ = {
			isa = PBXProject;
			attributes = {
				LastSwiftUpdateCheck = 0930;
				LastUpgradeCheck = 0930;
				ORGANIZATIONNAME = sumo;
				TargetAttributes = {
					A71FB8FA209DCF0D001294E0 = {
						CreatedOnToolsVersion = 9.3;
					};
					A71FB90E209DCF12001294E0 = {
						CreatedOnToolsVersion = 9.3;
						TestTargetID = A71FB8FA209DCF0D001294E0;
					};
				};
			};
			buildConfigurationList = A71FB8F6209DCF0D001294E0 /* Build configuration list for PBXProject "MiviTestApp" */;
			compatibilityVersion = "Xcode 9.3";
			developmentRegion = en;
			hasScannedForEncodings = 0;
			knownRegions = (
				en,
				Base,
			);
			mainGroup = A71FB8F2209DCF0D001294E0;
			productRefGroup = A71FB8FC209DCF0D001294E0 /* Products */;
			projectDirPath = "";
			projectRoot = "";
			targets = (
				A71FB8FA209DCF0D001294E0 /* MiviTestApp */,
				A71FB90E209DCF12001294E0 /* MiviTestAppTests */,
			);
		};
/* End PBXProject section */

/* Begin PBXResourcesBuildPhase section */
		A71FB8F9209DCF0D001294E0 /* Resources */ = {
			isa = PBXResourcesBuildPhase;
			buildActionMask = 2147483647;
			files = (
				A71FB909209DCF12001294E0 /* LaunchScreen.storyboard in Resources */,
				A71FB906209DCF12001294E0 /* Assets.xcassets in Resources */,
				A71FB904209DCF0D001294E0 /* Main.storyboard in Resources */,
				A71FB923209DD08B001294E0 /* collection.json in Resources */,
			);
			runOnlyForDeploymentPostprocessing = 0;
		};
		A71FB90D209DCF12001294E0 /* Resources */ = {
			isa = PBXResourcesBuildPhase;
			buildActionMask = 2147483647;
			files = (
			);
			runOnlyForDeploymentPostprocessing = 0;
		};
/* End PBXResourcesBuildPhase section */

/* Begin PBXSourcesBuildPhase section */
		A71FB8F7209DCF0D001294E0 /* Sources */ = {
			isa = PBXSourcesBuildPhase;
			buildActionMask = 2147483647;
			files = (
				A71FB927209DF53D001294E0 /* Attribute.swift in Sources */,
				A71FB921209DCF74001294E0 /* LoginViewController.swift in Sources */,
				A7F5656D209E22A000455CC0 /* UserDetailViewController.swift in Sources */,
				A7F5656F209E352B00455CC0 /* SplashViewController.swift in Sources */,
				A71FB901209DCF0D001294E0 /* ViewController.swift in Sources */,
				A71FB8FF209DCF0D001294E0 /* AppDelegate.swift in Sources */,
			);
			runOnlyForDeploymentPostprocessing = 0;
		};
		A71FB90B209DCF12001294E0 /* Sources */ = {
			isa = PBXSourcesBuildPhase;
			buildActionMask = 2147483647;
			files = (
				A71FB914209DCF12001294E0 /* MiviTestAppTests.swift in Sources */,
			);
			runOnlyForDeploymentPostprocessing = 0;
		};
/* End PBXSourcesBuildPhase section */

/* Begin PBXTargetDependency section */
		A71FB911209DCF12001294E0 /* PBXTargetDependency */ = {
			isa = PBXTargetDependency;
			target = A71FB8FA209DCF0D001294E0 /* MiviTestApp */;
			targetProxy = A71FB910209DCF12001294E0 /* PBXContainerItemProxy */;
		};
/* End PBXTargetDependency section */

/* Begin PBXVariantGroup section */
		A71FB902209DCF0D001294E0 /* Main.storyboard */ = {
			isa = PBXVariantGroup;
			children = (
				A71FB903209DCF0D001294E0 /* Base */,
			);
			name = Main.storyboard;
			sourceTree = "<group>";
		};
		A71FB907209DCF12001294E0 /* LaunchScreen.storyboard */ = {
			isa = PBXVariantGroup;
			children = (
				A71FB908209DCF12001294E0 /* Base */,
			);
			name = LaunchScreen.storyboard;
			sourceTree = "<group>";
		};
/* End PBXVariantGroup section */

/* Begin XCBuildConfiguration section */
		A71FB916209DCF12001294E0 /* Debug */ = {
			isa = XCBuildConfiguration;
			buildSettings = {
				ALWAYS_SEARCH_USER_PATHS = NO;
				CLANG_ANALYZER_NONNULL = YES;
				CLANG_ANALYZER_NUMBER_OBJECT_CONVERSION = YES_AGGRESSIVE;
				CLANG_CXX_LANGUAGE_STANDARD = "gnu++14";
				CLANG_CXX_LIBRARY = "libc++";
				CLANG_ENABLE_MODULES = YES;
				CLANG_ENABLE_OBJC_ARC = YES;
				CLANG_ENABLE_OBJC_WEAK = YES;
				CLANG_WARN_BLOCK_CAPTURE_AUTORELEASING = YES;
				CLANG_WARN_BOOL_CONVERSION = YES;
				CLANG_WARN_COMMA = YES;
				CLANG_WARN_CONSTANT_CONVERSION = YES;
				CLANG_WARN_DEPRECATED_OBJC_IMPLEMENTATIONS = YES;
				CLANG_WARN_DIRECT_OBJC_ISA_USAGE = YES_ERROR;
				CLANG_WARN_DOCUMENTATION_COMMENTS = YES;
				CLANG_WARN_EMPTY_BODY = YES;
				CLANG_WARN_ENUM_CONVERSION = YES;
				CLANG_WARN_INFINITE_RECURSION = YES;
				CLANG_WARN_INT_CONVERSION = YES;
				CLANG_WARN_NON_LITERAL_NULL_CONVERSION = YES;
				CLANG_WARN_OBJC_IMPLICIT_RETAIN_SELF = YES;
				CLANG_WARN_OBJC_LITERAL_CONVERSION = YES;
				CLANG_WARN_OBJC_ROOT_CLASS = YES_ERROR;
				CLANG_WARN_RANGE_LOOP_ANALYSIS = YES;
				CLANG_WARN_STRICT_PROTOTYPES = YES;
				CLANG_WARN_SUSPICIOUS_MOVE = YES;
				CLANG_WARN_UNGUARDED_AVAILABILITY = YES_AGGRESSIVE;
				CLANG_WARN_UNREACHABLE_CODE = YES;
				CLANG_WARN__DUPLICATE_METHOD_MATCH = YES;
				CODE_SIGN_IDENTITY = "iPhone Developer";
				COPY_PHASE_STRIP = NO;
				DEBUG_INFORMATION_FORMAT = dwarf;
				ENABLE_STRICT_OBJC_MSGSEND = YES;
				ENABLE_TESTABILITY = YES;
				GCC_C_LANGUAGE_STANDARD = gnu11;
				GCC_DYNAMIC_NO_PIC = NO;
				GCC_NO_COMMON_BLOCKS = YES;
				GCC_OPTIMIZATION_LEVEL = 0;
				GCC_PREPROCESSOR_DEFINITIONS = (
					"DEBUG=1",
					"$(inherited)",
				);
				GCC_WARN_64_TO_32_BIT_CONVERSION = YES;
				GCC_WARN_ABOUT_RETURN_TYPE = YES_ERROR;
				GCC_WARN_UNDECLARED_SELECTOR = YES;
				GCC_WARN_UNINITIALIZED_AUTOS = YES_AGGRESSIVE;
				GCC_WARN_UNUSED_FUNCTION = YES;
				GCC_WARN_UNUSED_VARIABLE = YES;
				IPHONEOS_DEPLOYMENT_TARGET = 11.3;
				MTL_ENABLE_DEBUG_INFO = YES;
				ONLY_ACTIVE_ARCH = YES;
				SDKROOT = iphoneos;
				SWIFT_ACTIVE_COMPILATION_CONDITIONS = DEBUG;
				SWIFT_OPTIMIZATION_LEVEL = "-Onone";
			};
			name = Debug;
		};
		A71FB917209DCF12001294E0 /* Release */ = {
			isa = XCBuildConfiguration;
			buildSettings = {
				ALWAYS_SEARCH_USER_PATHS = NO;
				CLANG_ANALYZER_NONNULL = YES;
				CLANG_ANALYZER_NUMBER_OBJECT_CONVERSION = YES_AGGRESSIVE;
				CLANG_CXX_LANGUAGE_STANDARD = "gnu++14";
				CLANG_CXX_LIBRARY = "libc++";
				CLANG_ENABLE_MODULES = YES;
				CLANG_ENABLE_OBJC_ARC = YES;
				CLANG_ENABLE_OBJC_WEAK = YES;
				CLANG_WARN_BLOCK_CAPTURE_AUTORELEASING = YES;
				CLANG_WARN_BOOL_CONVERSION = YES;
				CLANG_WARN_COMMA = YES;
				CLANG_WARN_CONSTANT_CONVERSION = YES;
				CLANG_WARN_DEPRECATED_OBJC_IMPLEMENTATIONS = YES;
				CLANG_WARN_DIRECT_OBJC_ISA_USAGE = YES_ERROR;
				CLANG_WARN_DOCUMENTATION_COMMENTS = YES;
				CLANG_WARN_EMPTY_BODY = YES;
				CLANG_WARN_ENUM_CONVERSION = YES;
				CLANG_WARN_INFINITE_RECURSION = YES;
				CLANG_WARN_INT_CONVERSION = YES;
				CLANG_WARN_NON_LITERAL_NULL_CONVERSION = YES;
				CLANG_WARN_OBJC_IMPLICIT_RETAIN_SELF = YES;
				CLANG_WARN_OBJC_LITERAL_CONVERSION = YES;
				CLANG_WARN_OBJC_ROOT_CLASS = YES_ERROR;
				CLANG_WARN_RANGE_LOOP_ANALYSIS = YES;
				CLANG_WARN_STRICT_PROTOTYPES = YES;
				CLANG_WARN_SUSPICIOUS_MOVE = YES;
				CLANG_WARN_UNGUARDED_AVAILABILITY = YES_AGGRESSIVE;
				CLANG_WARN_UNREACHABLE_CODE = YES;
				CLANG_WARN__DUPLICATE_METHOD_MATCH = YES;
				CODE_SIGN_IDENTITY = "iPhone Developer";
				COPY_PHASE_STRIP = NO;
				DEBUG_INFORMATION_FORMAT = "dwarf-with-dsym";
				ENABLE_NS_ASSERTIONS = NO;
				ENABLE_STRICT_OBJC_MSGSEND = YES;
				GCC_C_LANGUAGE_STANDARD = gnu11;
				GCC_NO_COMMON_BLOCKS = YES;
				GCC_WARN_64_TO_32_BIT_CONVERSION = YES;
				GCC_WARN_ABOUT_RETURN_TYPE = YES_ERROR;
				GCC_WARN_UNDECLARED_SELECTOR = YES;
				GCC_WARN_UNINITIALIZED_AUTOS = YES_AGGRESSIVE;
				GCC_WARN_UNUSED_FUNCTION = YES;
				GCC_WARN_UNUSED_VARIABLE = YES;
				IPHONEOS_DEPLOYMENT_TARGET = 11.3;
				MTL_ENABLE_DEBUG_INFO = NO;
				SDKROOT = iphoneos;
				SWIFT_COMPILATION_MODE = wholemodule;
				SWIFT_OPTIMIZATION_LEVEL = "-O";
				VALIDATE_PRODUCT = YES;
			};
			name = Release;
		};
		A71FB919209DCF12001294E0 /* Debug */ = {
			isa = XCBuildConfiguration;
			buildSettings = {
				ASSETCATALOG_COMPILER_APPICON_NAME = AppIcon;
				CODE_SIGN_STYLE = Automatic;
				INFOPLIST_FILE = MiviTestApp/Info.plist;
				LD_RUNPATH_SEARCH_PATHS = (
					"$(inherited)",
					"@executable_path/Frameworks",
				);
				PRODUCT_BUNDLE_IDENTIFIER = pietechsolution.MiviTestApp;
				PRODUCT_NAME = "$(TARGET_NAME)";
				SWIFT_VERSION = 4.0;
				TARGETED_DEVICE_FAMILY = "1,2";
			};
			name = Debug;
		};
		A71FB91A209DCF12001294E0 /* Release */ = {
			isa = XCBuildConfiguration;
			buildSettings = {
				ASSETCATALOG_COMPILER_APPICON_NAME = AppIcon;
				CODE_SIGN_STYLE = Automatic;
				INFOPLIST_FILE = MiviTestApp/Info.plist;
				LD_RUNPATH_SEARCH_PATHS = (
					"$(inherited)",
					"@executable_path/Frameworks",
				);
				PRODUCT_BUNDLE_IDENTIFIER = pietechsolution.MiviTestApp;
				PRODUCT_NAME = "$(TARGET_NAME)";
				SWIFT_VERSION = 4.0;
				TARGETED_DEVICE_FAMILY = "1,2";
			};
			name = Release;
		};
		A71FB91C209DCF12001294E0 /* Debug */ = {
			isa = XCBuildConfiguration;
			buildSettings = {
				ALWAYS_EMBED_SWIFT_STANDARD_LIBRARIES = YES;
				BUNDLE_LOADER = "$(TEST_HOST)";
				CODE_SIGN_STYLE = Automatic;
				INFOPLIST_FILE = MiviTestAppTests/Info.plist;
				LD_RUNPATH_SEARCH_PATHS = (
					"$(inherited)",
					"@executable_path/Frameworks",
					"@loader_path/Frameworks",
				);
				PRODUCT_BUNDLE_IDENTIFIER = pietechsolution.MiviTestAppTests;
				PRODUCT_NAME = "$(TARGET_NAME)";
				SWIFT_VERSION = 4.0;
				TARGETED_DEVICE_FAMILY = "1,2";
				TEST_HOST = "$(BUILT_PRODUCTS_DIR)/MiviTestApp.app/MiviTestApp";
			};
			name = Debug;
		};
		A71FB91D209DCF12001294E0 /* Release */ = {
			isa = XCBuildConfiguration;
			buildSettings = {
				ALWAYS_EMBED_SWIFT_STANDARD_LIBRARIES = YES;
				BUNDLE_LOADER = "$(TEST_HOST)";
				CODE_SIGN_STYLE = Automatic;
				INFOPLIST_FILE = MiviTestAppTests/Info.plist;
				LD_RUNPATH_SEARCH_PATHS = (
					"$(inherited)",
					"@executable_path/Frameworks",
					"@loader_path/Frameworks",
				);
				PRODUCT_BUNDLE_IDENTIFIER = pietechsolution.MiviTestAppTests;
				PRODUCT_NAME = "$(TARGET_NAME)";
				SWIFT_VERSION = 4.0;
				TARGETED_DEVICE_FAMILY = "1,2";
				TEST_HOST = "$(BUILT_PRODUCTS_DIR)/MiviTestApp.app/MiviTestApp";
			};
			name = Release;
		};
/* End XCBuildConfiguration section */

/* Begin XCConfigurationList section */
		A71FB8F6209DCF0D001294E0 /* Build configuration list for PBXProject "MiviTestApp" */ = {
			isa = XCConfigurationList;
			buildConfigurations = (
				A71FB916209DCF12001294E0 /* Debug */,
				A71FB917209DCF12001294E0 /* Release */,
			);
			defaultConfigurationIsVisible = 0;
			defaultConfigurationName = Release;
		};
		A71FB918209DCF12001294E0 /* Build configuration list for PBXNativeTarget "MiviTestApp" */ = {
			isa = XCConfigurationList;
			buildConfigurations = (
				A71FB919209DCF12001294E0 /* Debug */,
				A71FB91A209DCF12001294E0 /* Release */,
			);
			defaultConfigurationIsVisible = 0;
			defaultConfigurationName = Release;
		};
		A71FB91B209DCF12001294E0 /* Build configuration list for PBXNativeTarget "MiviTestAppTests" */ = {
			isa = XCConfigurationList;
			buildConfigurations = (
				A71FB91C209DCF12001294E0 /* Debug */,
				A71FB91D209DCF12001294E0 /* Release */,
			);
			defaultConfigurationIsVisible = 0;
			defaultConfigurationName = Release;
		};
/* End XCConfigurationList section */
	};
	rootObject = A71FB8F3209DCF0D001294E0 /* Project object */;
}
